// !$*UTF8*$!
{
	archiveVersion = 1;
	classes = {
	};
	objectVersion = 56;
	objects = {

/* Begin PBXBuildFile section */
		C11E03AA2B615E4B003CDBE9 /* README.md in Resources */ = {isa = PBXBuildFile; fileRef = C11E03A92B615E4B003CDBE9 /* README.md */; };
		C15B14062B5B1BCF00D65C95 /* WareHouseProtocol.swift in Sources */ = {isa = PBXBuildFile; fileRef = C15B14052B5B1BCF00D65C95 /* WareHouseProtocol.swift */; };
		C15B14092B5B1C0000D65C95 /* Ingredient.swift in Sources */ = {isa = PBXBuildFile; fileRef = C15B14082B5B1C0000D65C95 /* Ingredient.swift */; };
		C15B140B2B5B1C2D00D65C95 /* WareHouse.swift in Sources */ = {isa = PBXBuildFile; fileRef = C15B140A2B5B1C2D00D65C95 /* WareHouse.swift */; };
		C15B140D2B5B1D0300D65C95 /* Stock.swift in Sources */ = {isa = PBXBuildFile; fileRef = C15B140C2B5B1D0300D65C95 /* Stock.swift */; };
		C15B14132B5C4EBA00D65C95 /* ClerkProtocol.swift in Sources */ = {isa = PBXBuildFile; fileRef = C15B14122B5C4EBA00D65C95 /* ClerkProtocol.swift */; };
		C15B14152B5C4EC500D65C95 /* CookerProtocol.swift in Sources */ = {isa = PBXBuildFile; fileRef = C15B14142B5C4EC500D65C95 /* CookerProtocol.swift */; };
		C15B14172B5C4ED300D65C95 /* KitchenAssistantProtocol.swift in Sources */ = {isa = PBXBuildFile; fileRef = C15B14162B5C4ED300D65C95 /* KitchenAssistantProtocol.swift */; };
		C15B14192B5C4F4300D65C95 /* Pizza.swift in Sources */ = {isa = PBXBuildFile; fileRef = C15B14182B5C4F4300D65C95 /* Pizza.swift */; };
		C15B141B2B5C4F8300D65C95 /* Order.swift in Sources */ = {isa = PBXBuildFile; fileRef = C15B141A2B5C4F8300D65C95 /* Order.swift */; };
		C15B141E2B5C50BF00D65C95 /* Test1.swift in Sources */ = {isa = PBXBuildFile; fileRef = C15B141D2B5C50BF00D65C95 /* Test1.swift */; };
		C15B14202B5C6A6100D65C95 /* Client.swift in Sources */ = {isa = PBXBuildFile; fileRef = C15B141F2B5C6A6100D65C95 /* Client.swift */; };
		C15B14232B5C6ADC00D65C95 /* ClientProtocol.swift in Sources */ = {isa = PBXBuildFile; fileRef = C15B14222B5C6ADC00D65C95 /* ClientProtocol.swift */; };
		C15B14262B5D935000D65C95 /* Restaurant.swift in Sources */ = {isa = PBXBuildFile; fileRef = C15B14252B5D935000D65C95 /* Restaurant.swift */; };
		C15B14282B5E6A7600D65C95 /* KitchenAssistant.swift in Sources */ = {isa = PBXBuildFile; fileRef = C15B14272B5E6A7600D65C95 /* KitchenAssistant.swift */; };
		C15B142A2B5E6A7E00D65C95 /* Cooker.swift in Sources */ = {isa = PBXBuildFile; fileRef = C15B14292B5E6A7E00D65C95 /* Cooker.swift */; };
		C15B142C2B5E6A8600D65C95 /* Clerk.swift in Sources */ = {isa = PBXBuildFile; fileRef = C15B142B2B5E6A8600D65C95 /* Clerk.swift */; };
		C1A5C2D92B56E5FA00ABCC51 /* App.swift in Sources */ = {isa = PBXBuildFile; fileRef = C1A5C2D82B56E5FA00ABCC51 /* App.swift */; };
		C1A5C2DB2B56E5FA00ABCC51 /* RestaurantView.swift in Sources */ = {isa = PBXBuildFile; fileRef = C1A5C2DA2B56E5FA00ABCC51 /* RestaurantView.swift */; };
		C1A5C2DF2B56E5FC00ABCC51 /* Assets.xcassets in Resources */ = {isa = PBXBuildFile; fileRef = C1A5C2DE2B56E5FC00ABCC51 /* Assets.xcassets */; };
		C1A5C2E22B56E5FC00ABCC51 /* Preview Assets.xcassets in Resources */ = {isa = PBXBuildFile; fileRef = C1A5C2E12B56E5FC00ABCC51 /* Preview Assets.xcassets */; };
		C1F879B72B644D9F00C44E63 /* Test2.swift in Sources */ = {isa = PBXBuildFile; fileRef = C1F879B62B644D9F00C44E63 /* Test2.swift */; };
/* End PBXBuildFile section */

/* Begin PBXFileReference section */
		C11E03A92B615E4B003CDBE9 /* README.md */ = {isa = PBXFileReference; fileEncoding = 4; lastKnownFileType = net.daringfireball.markdown; path = README.md; sourceTree = "<group>"; };
		C15B14052B5B1BCF00D65C95 /* WareHouseProtocol.swift */ = {isa = PBXFileReference; lastKnownFileType = sourcecode.swift; path = WareHouseProtocol.swift; sourceTree = "<group>"; };
		C15B14082B5B1C0000D65C95 /* Ingredient.swift */ = {isa = PBXFileReference; lastKnownFileType = sourcecode.swift; path = Ingredient.swift; sourceTree = "<group>"; };
		C15B140A2B5B1C2D00D65C95 /* WareHouse.swift */ = {isa = PBXFileReference; lastKnownFileType = sourcecode.swift; path = WareHouse.swift; sourceTree = "<group>"; };
		C15B140C2B5B1D0300D65C95 /* Stock.swift */ = {isa = PBXFileReference; lastKnownFileType = sourcecode.swift; path = Stock.swift; sourceTree = "<group>"; };
		C15B14122B5C4EBA00D65C95 /* ClerkProtocol.swift */ = {isa = PBXFileReference; lastKnownFileType = sourcecode.swift; path = ClerkProtocol.swift; sourceTree = "<group>"; };
		C15B14142B5C4EC500D65C95 /* CookerProtocol.swift */ = {isa = PBXFileReference; lastKnownFileType = sourcecode.swift; path = CookerProtocol.swift; sourceTree = "<group>"; };
		C15B14162B5C4ED300D65C95 /* KitchenAssistantProtocol.swift */ = {isa = PBXFileReference; lastKnownFileType = sourcecode.swift; path = KitchenAssistantProtocol.swift; sourceTree = "<group>"; };
		C15B14182B5C4F4300D65C95 /* Pizza.swift */ = {isa = PBXFileReference; lastKnownFileType = sourcecode.swift; path = Pizza.swift; sourceTree = "<group>"; };
		C15B141A2B5C4F8300D65C95 /* Order.swift */ = {isa = PBXFileReference; lastKnownFileType = sourcecode.swift; path = Order.swift; sourceTree = "<group>"; };
		C15B141D2B5C50BF00D65C95 /* Test1.swift */ = {isa = PBXFileReference; lastKnownFileType = sourcecode.swift; path = Test1.swift; sourceTree = "<group>"; };
		C15B141F2B5C6A6100D65C95 /* Client.swift */ = {isa = PBXFileReference; lastKnownFileType = sourcecode.swift; path = Client.swift; sourceTree = "<group>"; };
		C15B14222B5C6ADC00D65C95 /* ClientProtocol.swift */ = {isa = PBXFileReference; lastKnownFileType = sourcecode.swift; path = ClientProtocol.swift; sourceTree = "<group>"; };
		C15B14252B5D935000D65C95 /* Restaurant.swift */ = {isa = PBXFileReference; lastKnownFileType = sourcecode.swift; path = Restaurant.swift; sourceTree = "<group>"; };
		C15B14272B5E6A7600D65C95 /* KitchenAssistant.swift */ = {isa = PBXFileReference; lastKnownFileType = sourcecode.swift; path = KitchenAssistant.swift; sourceTree = "<group>"; };
		C15B14292B5E6A7E00D65C95 /* Cooker.swift */ = {isa = PBXFileReference; lastKnownFileType = sourcecode.swift; path = Cooker.swift; sourceTree = "<group>"; };
		C15B142B2B5E6A8600D65C95 /* Clerk.swift */ = {isa = PBXFileReference; lastKnownFileType = sourcecode.swift; path = Clerk.swift; sourceTree = "<group>"; };
		C1A5C2D52B56E5FA00ABCC51 /* pizza-company.app */ = {isa = PBXFileReference; explicitFileType = wrapper.application; includeInIndex = 0; path = "pizza-company.app"; sourceTree = BUILT_PRODUCTS_DIR; };
		C1A5C2D82B56E5FA00ABCC51 /* App.swift */ = {isa = PBXFileReference; lastKnownFileType = sourcecode.swift; path = App.swift; sourceTree = "<group>"; };
		C1A5C2DA2B56E5FA00ABCC51 /* RestaurantView.swift */ = {isa = PBXFileReference; lastKnownFileType = sourcecode.swift; path = RestaurantView.swift; sourceTree = "<group>"; };
		C1A5C2DE2B56E5FC00ABCC51 /* Assets.xcassets */ = {isa = PBXFileReference; lastKnownFileType = folder.assetcatalog; path = Assets.xcassets; sourceTree = "<group>"; };
		C1A5C2E12B56E5FC00ABCC51 /* Preview Assets.xcassets */ = {isa = PBXFileReference; lastKnownFileType = folder.assetcatalog; path = "Preview Assets.xcassets"; sourceTree = "<group>"; };
		C1F879B62B644D9F00C44E63 /* Test2.swift */ = {isa = PBXFileReference; lastKnownFileType = sourcecode.swift; path = Test2.swift; sourceTree = "<group>"; };
/* End PBXFileReference section */

/* Begin PBXFrameworksBuildPhase section */
		C1A5C2D22B56E5FA00ABCC51 /* Frameworks */ = {
			isa = PBXFrameworksBuildPhase;
			buildActionMask = 2147483647;
			files = (
			);
			runOnlyForDeploymentPostprocessing = 0;
		};
/* End PBXFrameworksBuildPhase section */

/* Begin PBXGroup section */
		C15B14042B5B1BBC00D65C95 /* WareHouse */ = {
			isa = PBXGroup;
			children = (
				C15B14052B5B1BCF00D65C95 /* WareHouseProtocol.swift */,
				C15B140A2B5B1C2D00D65C95 /* WareHouse.swift */,
			);
			path = WareHouse;
			sourceTree = "<group>";
		};
		C15B14072B5B1BF300D65C95 /* Entities */ = {
			isa = PBXGroup;
			children = (
				C15B14212B5C6ACF00D65C95 /* Client */,
				C15B14082B5B1C0000D65C95 /* Ingredient.swift */,
				C15B140C2B5B1D0300D65C95 /* Stock.swift */,
				C15B14182B5C4F4300D65C95 /* Pizza.swift */,
				C15B141A2B5C4F8300D65C95 /* Order.swift */,
			);
			path = Entities;
			sourceTree = "<group>";
		};
		C15B140E2B5C4E6200D65C95 /* Roles */ = {
			isa = PBXGroup;
			children = (
				C15B14112B5C4E8300D65C95 /* KitchenAssistant */,
				C15B14102B5C4E7000D65C95 /* Cooker */,
				C15B140F2B5C4E6A00D65C95 /* Clerk */,
			);
			path = Roles;
			sourceTree = "<group>";
		};
		C15B140F2B5C4E6A00D65C95 /* Clerk */ = {
			isa = PBXGroup;
			children = (
				C15B14122B5C4EBA00D65C95 /* ClerkProtocol.swift */,
				C15B142B2B5E6A8600D65C95 /* Clerk.swift */,
			);
			path = Clerk;
			sourceTree = "<group>";
		};
		C15B14102B5C4E7000D65C95 /* Cooker */ = {
			isa = PBXGroup;
			children = (
				C15B14142B5C4EC500D65C95 /* CookerProtocol.swift */,
				C15B14292B5E6A7E00D65C95 /* Cooker.swift */,
			);
			path = Cooker;
			sourceTree = "<group>";
		};
		C15B14112B5C4E8300D65C95 /* KitchenAssistant */ = {
			isa = PBXGroup;
			children = (
				C15B14162B5C4ED300D65C95 /* KitchenAssistantProtocol.swift */,
				C15B14272B5E6A7600D65C95 /* KitchenAssistant.swift */,
			);
			path = KitchenAssistant;
			sourceTree = "<group>";
		};
		C15B141C2B5C50B200D65C95 /* Information */ = {
			isa = PBXGroup;
			children = (
				C15B141D2B5C50BF00D65C95 /* Test1.swift */,
				C1F879B62B644D9F00C44E63 /* Test2.swift */,
			);
			path = Information;
			sourceTree = "<group>";
		};
		C15B14212B5C6ACF00D65C95 /* Client */ = {
			isa = PBXGroup;
			children = (
				C15B141F2B5C6A6100D65C95 /* Client.swift */,
				C15B14222B5C6ADC00D65C95 /* ClientProtocol.swift */,
			);
			path = Client;
			sourceTree = "<group>";
		};
		C15B14242B5D932800D65C95 /* Restaurant */ = {
			isa = PBXGroup;
			children = (
				C15B14252B5D935000D65C95 /* Restaurant.swift */,
			);
			path = Restaurant;
			sourceTree = "<group>";
		};
		C1A5C2CC2B56E5FA00ABCC51 = {
			isa = PBXGroup;
			children = (
				C11E03A92B615E4B003CDBE9 /* README.md */,
				C1A5C2D72B56E5FA00ABCC51 /* pizza-company */,
				C1A5C2D62B56E5FA00ABCC51 /* Products */,
			);
			sourceTree = "<group>";
		};
		C1A5C2D62B56E5FA00ABCC51 /* Products */ = {
			isa = PBXGroup;
			children = (
				C1A5C2D52B56E5FA00ABCC51 /* pizza-company.app */,
			);
			name = Products;
			sourceTree = "<group>";
		};
		C1A5C2D72B56E5FA00ABCC51 /* pizza-company */ = {
			isa = PBXGroup;
			children = (
				C15B140E2B5C4E6200D65C95 /* Roles */,
				C15B14072B5B1BF300D65C95 /* Entities */,
				C15B14042B5B1BBC00D65C95 /* WareHouse */,
				C15B14242B5D932800D65C95 /* Restaurant */,
				C15B141C2B5C50B200D65C95 /* Information */,
				C1A5C2D82B56E5FA00ABCC51 /* App.swift */,
				C1A5C2DA2B56E5FA00ABCC51 /* RestaurantView.swift */,
				C1A5C2DE2B56E5FC00ABCC51 /* Assets.xcassets */,
				C1A5C2E02B56E5FC00ABCC51 /* Preview Content */,
			);
			path = "pizza-company";
			sourceTree = "<group>";
		};
		C1A5C2E02B56E5FC00ABCC51 /* Preview Content */ = {
			isa = PBXGroup;
			children = (
				C1A5C2E12B56E5FC00ABCC51 /* Preview Assets.xcassets */,
			);
			path = "Preview Content";
			sourceTree = "<group>";
		};
/* End PBXGroup section */

/* Begin PBXNativeTarget section */
		C1A5C2D42B56E5FA00ABCC51 /* pizza-company */ = {
			isa = PBXNativeTarget;
			buildConfigurationList = C1A5C2E52B56E5FC00ABCC51 /* Build configuration list for PBXNativeTarget "pizza-company" */;
			buildPhases = (
				C1A5C2D12B56E5FA00ABCC51 /* Sources */,
				C1A5C2D22B56E5FA00ABCC51 /* Frameworks */,
				C1A5C2D32B56E5FA00ABCC51 /* Resources */,
			);
			buildRules = (
			);
			dependencies = (
			);
			name = "pizza-company";
			productName = "pizza-company";
			productReference = C1A5C2D52B56E5FA00ABCC51 /* pizza-company.app */;
			productType = "com.apple.product-type.application";
		};
/* End PBXNativeTarget section */

/* Begin PBXProject section */
		C1A5C2CD2B56E5FA00ABCC51 /* Project object */ = {
			isa = PBXProject;
			attributes = {
				BuildIndependentTargetsInParallel = 1;
				LastSwiftUpdateCheck = 1510;
				LastUpgradeCheck = 1510;
				TargetAttributes = {
					C1A5C2D42B56E5FA00ABCC51 = {
						CreatedOnToolsVersion = 15.1;
					};
				};
			};
			buildConfigurationList = C1A5C2D02B56E5FA00ABCC51 /* Build configuration list for PBXProject "pizza-company" */;
			compatibilityVersion = "Xcode 14.0";
			developmentRegion = en;
			hasScannedForEncodings = 0;
			knownRegions = (
				en,
				Base,
			);
			mainGroup = C1A5C2CC2B56E5FA00ABCC51;
			productRefGroup = C1A5C2D62B56E5FA00ABCC51 /* Products */;
			projectDirPath = "";
			projectRoot = "";
			targets = (
				C1A5C2D42B56E5FA00ABCC51 /* pizza-company */,
			);
		};
/* End PBXProject section */

/* Begin PBXResourcesBuildPhase section */
		C1A5C2D32B56E5FA00ABCC51 /* Resources */ = {
			isa = PBXResourcesBuildPhase;
			buildActionMask = 2147483647;
			files = (
				C11E03AA2B615E4B003CDBE9 /* README.md in Resources */,
				C1A5C2E22B56E5FC00ABCC51 /* Preview Assets.xcassets in Resources */,
				C1A5C2DF2B56E5FC00ABCC51 /* Assets.xcassets in Resources */,
			);
			runOnlyForDeploymentPostprocessing = 0;
		};
/* End PBXResourcesBuildPhase section */

/* Begin PBXSourcesBuildPhase section */
		C1A5C2D12B56E5FA00ABCC51 /* Sources */ = {
			isa = PBXSourcesBuildPhase;
			buildActionMask = 2147483647;
			files = (
				C1A5C2DB2B56E5FA00ABCC51 /* RestaurantView.swift in Sources */,
				C15B14152B5C4EC500D65C95 /* CookerProtocol.swift in Sources */,
				C1F879B72B644D9F00C44E63 /* Test2.swift in Sources */,
				C15B14132B5C4EBA00D65C95 /* ClerkProtocol.swift in Sources */,
				C15B14262B5D935000D65C95 /* Restaurant.swift in Sources */,
				C15B14192B5C4F4300D65C95 /* Pizza.swift in Sources */,
				C15B14282B5E6A7600D65C95 /* KitchenAssistant.swift in Sources */,
				C15B14092B5B1C0000D65C95 /* Ingredient.swift in Sources */,
				C15B142A2B5E6A7E00D65C95 /* Cooker.swift in Sources */,
				C15B141B2B5C4F8300D65C95 /* Order.swift in Sources */,
				C15B14172B5C4ED300D65C95 /* KitchenAssistantProtocol.swift in Sources */,
				C15B14202B5C6A6100D65C95 /* Client.swift in Sources */,
				C15B141E2B5C50BF00D65C95 /* Test1.swift in Sources */,
				C15B140D2B5B1D0300D65C95 /* Stock.swift in Sources */,
				C15B140B2B5B1C2D00D65C95 /* WareHouse.swift in Sources */,
				C1A5C2D92B56E5FA00ABCC51 /* App.swift in Sources */,
				C15B14062B5B1BCF00D65C95 /* WareHouseProtocol.swift in Sources */,
				C15B142C2B5E6A8600D65C95 /* Clerk.swift in Sources */,
				C15B14232B5C6ADC00D65C95 /* ClientProtocol.swift in Sources */,
			);
			runOnlyForDeploymentPostprocessing = 0;
		};
/* End PBXSourcesBuildPhase section */

/* Begin XCBuildConfiguration section */
		C1A5C2E32B56E5FC00ABCC51 /* Debug */ = {
			isa = XCBuildConfiguration;
			buildSettings = {
				ALWAYS_SEARCH_USER_PATHS = NO;
				ASSETCATALOG_COMPILER_GENERATE_SWIFT_ASSET_SYMBOL_EXTENSIONS = YES;
				CLANG_ANALYZER_NONNULL = YES;
				CLANG_ANALYZER_NUMBER_OBJECT_CONVERSION = YES_AGGRESSIVE;
				CLANG_CXX_LANGUAGE_STANDARD = "gnu++20";
				CLANG_ENABLE_MODULES = YES;
				CLANG_ENABLE_OBJC_ARC = YES;
				CLANG_ENABLE_OBJC_WEAK = YES;
				CLANG_WARN_BLOCK_CAPTURE_AUTORELEASING = YES;
				CLANG_WARN_BOOL_CONVERSION = YES;
				CLANG_WARN_COMMA = YES;
				CLANG_WARN_CONSTANT_CONVERSION = YES;
				CLANG_WARN_DEPRECATED_OBJC_IMPLEMENTATIONS = YES;
				CLANG_WARN_DIRECT_OBJC_ISA_USAGE = YES_ERROR;
				CLANG_WARN_DOCUMENTATION_COMMENTS = YES;
				CLANG_WARN_EMPTY_BODY = YES;
				CLANG_WARN_ENUM_CONVERSION = YES;
				CLANG_WARN_INFINITE_RECURSION = YES;
				CLANG_WARN_INT_CONVERSION = YES;
				CLANG_WARN_NON_LITERAL_NULL_CONVERSION = YES;
				CLANG_WARN_OBJC_IMPLICIT_RETAIN_SELF = YES;
				CLANG_WARN_OBJC_LITERAL_CONVERSION = YES;
				CLANG_WARN_OBJC_ROOT_CLASS = YES_ERROR;
				CLANG_WARN_QUOTED_INCLUDE_IN_FRAMEWORK_HEADER = YES;
				CLANG_WARN_RANGE_LOOP_ANALYSIS = YES;
				CLANG_WARN_STRICT_PROTOTYPES = YES;
				CLANG_WARN_SUSPICIOUS_MOVE = YES;
				CLANG_WARN_UNGUARDED_AVAILABILITY = YES_AGGRESSIVE;
				CLANG_WARN_UNREACHABLE_CODE = YES;
				CLANG_WARN__DUPLICATE_METHOD_MATCH = YES;
				COPY_PHASE_STRIP = NO;
				DEBUG_INFORMATION_FORMAT = dwarf;
				ENABLE_STRICT_OBJC_MSGSEND = YES;
				ENABLE_TESTABILITY = YES;
				ENABLE_USER_SCRIPT_SANDBOXING = YES;
				GCC_C_LANGUAGE_STANDARD = gnu17;
				GCC_DYNAMIC_NO_PIC = NO;
				GCC_NO_COMMON_BLOCKS = YES;
				GCC_OPTIMIZATION_LEVEL = 0;
				GCC_PREPROCESSOR_DEFINITIONS = (
					"DEBUG=1",
					"$(inherited)",
				);
				GCC_WARN_64_TO_32_BIT_CONVERSION = YES;
				GCC_WARN_ABOUT_RETURN_TYPE = YES_ERROR;
				GCC_WARN_UNDECLARED_SELECTOR = YES;
				GCC_WARN_UNINITIALIZED_AUTOS = YES_AGGRESSIVE;
				GCC_WARN_UNUSED_FUNCTION = YES;
				GCC_WARN_UNUSED_VARIABLE = YES;
				IPHONEOS_DEPLOYMENT_TARGET = 17.2;
				LOCALIZATION_PREFERS_STRING_CATALOGS = YES;
				MTL_ENABLE_DEBUG_INFO = INCLUDE_SOURCE;
				MTL_FAST_MATH = YES;
				ONLY_ACTIVE_ARCH = YES;
				SDKROOT = iphoneos;
				SWIFT_ACTIVE_COMPILATION_CONDITIONS = "DEBUG $(inherited)";
				SWIFT_OPTIMIZATION_LEVEL = "-Onone";
			};
			name = Debug;
		};
		C1A5C2E42B56E5FC00ABCC51 /* Release */ = {
			isa = XCBuildConfiguration;
			buildSettings = {
				ALWAYS_SEARCH_USER_PATHS = NO;
				ASSETCATALOG_COMPILER_GENERATE_SWIFT_ASSET_SYMBOL_EXTENSIONS = YES;
				CLANG_ANALYZER_NONNULL = YES;
				CLANG_ANALYZER_NUMBER_OBJECT_CONVERSION = YES_AGGRESSIVE;
				CLANG_CXX_LANGUAGE_STANDARD = "gnu++20";
				CLANG_ENABLE_MODULES = YES;
				CLANG_ENABLE_OBJC_ARC = YES;
				CLANG_ENABLE_OBJC_WEAK = YES;
				CLANG_WARN_BLOCK_CAPTURE_AUTORELEASING = YES;
				CLANG_WARN_BOOL_CONVERSION = YES;
				CLANG_WARN_COMMA = YES;
				CLANG_WARN_CONSTANT_CONVERSION = YES;
				CLANG_WARN_DEPRECATED_OBJC_IMPLEMENTATIONS = YES;
				CLANG_WARN_DIRECT_OBJC_ISA_USAGE = YES_ERROR;
				CLANG_WARN_DOCUMENTATION_COMMENTS = YES;
				CLANG_WARN_EMPTY_BODY = YES;
				CLANG_WARN_ENUM_CONVERSION = YES;
				CLANG_WARN_INFINITE_RECURSION = YES;
				CLANG_WARN_INT_CONVERSION = YES;
				CLANG_WARN_NON_LITERAL_NULL_CONVERSION = YES;
				CLANG_WARN_OBJC_IMPLICIT_RETAIN_SELF = YES;
				CLANG_WARN_OBJC_LITERAL_CONVERSION = YES;
				CLANG_WARN_OBJC_ROOT_CLASS = YES_ERROR;
				CLANG_WARN_QUOTED_INCLUDE_IN_FRAMEWORK_HEADER = YES;
				CLANG_WARN_RANGE_LOOP_ANALYSIS = YES;
				CLANG_WARN_STRICT_PROTOTYPES = YES;
				CLANG_WARN_SUSPICIOUS_MOVE = YES;
				CLANG_WARN_UNGUARDED_AVAILABILITY = YES_AGGRESSIVE;
				CLANG_WARN_UNREACHABLE_CODE = YES;
				CLANG_WARN__DUPLICATE_METHOD_MATCH = YES;
				COPY_PHASE_STRIP = NO;
				DEBUG_INFORMATION_FORMAT = "dwarf-with-dsym";
				ENABLE_NS_ASSERTIONS = NO;
				ENABLE_STRICT_OBJC_MSGSEND = YES;
				ENABLE_USER_SCRIPT_SANDBOXING = YES;
				GCC_C_LANGUAGE_STANDARD = gnu17;
				GCC_NO_COMMON_BLOCKS = YES;
				GCC_WARN_64_TO_32_BIT_CONVERSION = YES;
				GCC_WARN_ABOUT_RETURN_TYPE = YES_ERROR;
				GCC_WARN_UNDECLARED_SELECTOR = YES;
				GCC_WARN_UNINITIALIZED_AUTOS = YES_AGGRESSIVE;
				GCC_WARN_UNUSED_FUNCTION = YES;
				GCC_WARN_UNUSED_VARIABLE = YES;
				IPHONEOS_DEPLOYMENT_TARGET = 17.2;
				LOCALIZATION_PREFERS_STRING_CATALOGS = YES;
				MTL_ENABLE_DEBUG_INFO = NO;
				MTL_FAST_MATH = YES;
				SDKROOT = iphoneos;
				SWIFT_COMPILATION_MODE = wholemodule;
				VALIDATE_PRODUCT = YES;
			};
			name = Release;
		};
		C1A5C2E62B56E5FC00ABCC51 /* Debug */ = {
			isa = XCBuildConfiguration;
			buildSettings = {
				ASSETCATALOG_COMPILER_APPICON_NAME = AppIcon;
				ASSETCATALOG_COMPILER_GLOBAL_ACCENT_COLOR_NAME = AccentColor;
				CODE_SIGN_STYLE = Automatic;
				CURRENT_PROJECT_VERSION = 1;
				DEVELOPMENT_ASSET_PATHS = "\"pizza-company/Preview Content\"";
				DEVELOPMENT_TEAM = 3BJD5A7BSQ;
				ENABLE_PREVIEWS = YES;
				GENERATE_INFOPLIST_FILE = YES;
				INFOPLIST_KEY_UIApplicationSceneManifest_Generation = YES;
				INFOPLIST_KEY_UIApplicationSupportsIndirectInputEvents = YES;
				INFOPLIST_KEY_UILaunchScreen_Generation = YES;
				INFOPLIST_KEY_UISupportedInterfaceOrientations_iPad = "UIInterfaceOrientationPortrait UIInterfaceOrientationPortraitUpsideDown UIInterfaceOrientationLandscapeLeft UIInterfaceOrientationLandscapeRight";
				INFOPLIST_KEY_UISupportedInterfaceOrientations_iPhone = "UIInterfaceOrientationPortrait UIInterfaceOrientationLandscapeLeft UIInterfaceOrientationLandscapeRight";
				LD_RUNPATH_SEARCH_PATHS = (
					"$(inherited)",
					"@executable_path/Frameworks",
				);
				MARKETING_VERSION = 1.0;
				PRODUCT_BUNDLE_IDENTIFIER = "es.rudo.pizza-company";
				PRODUCT_NAME = "$(TARGET_NAME)";
				SWIFT_EMIT_LOC_STRINGS = YES;
				SWIFT_VERSION = 5.0;
				TARGETED_DEVICE_FAMILY = "1,2";
			};
			name = Debug;
		};
		C1A5C2E72B56E5FC00ABCC51 /* Release */ = {
			isa = XCBuildConfiguration;
			buildSettings = {
				ASSETCATALOG_COMPILER_APPICON_NAME = AppIcon;
				ASSETCATALOG_COMPILER_GLOBAL_ACCENT_COLOR_NAME = AccentColor;
				CODE_SIGN_STYLE = Automatic;
				CURRENT_PROJECT_VERSION = 1;
				DEVELOPMENT_ASSET_PATHS = "\"pizza-company/Preview Content\"";
				DEVELOPMENT_TEAM = 3BJD5A7BSQ;
				ENABLE_PREVIEWS = YES;
				GENERATE_INFOPLIST_FILE = YES;
				INFOPLIST_KEY_UIApplicationSceneManifest_Generation = YES;
				INFOPLIST_KEY_UIApplicationSupportsIndirectInputEvents = YES;
				INFOPLIST_KEY_UILaunchScreen_Generation = YES;
				INFOPLIST_KEY_UISupportedInterfaceOrientations_iPad = "UIInterfaceOrientationPortrait UIInterfaceOrientationPortraitUpsideDown UIInterfaceOrientationLandscapeLeft UIInterfaceOrientationLandscapeRight";
				INFOPLIST_KEY_UISupportedInterfaceOrientations_iPhone = "UIInterfaceOrientationPortrait UIInterfaceOrientationLandscapeLeft UIInterfaceOrientationLandscapeRight";
				LD_RUNPATH_SEARCH_PATHS = (
					"$(inherited)",
					"@executable_path/Frameworks",
				);
				MARKETING_VERSION = 1.0;
				PRODUCT_BUNDLE_IDENTIFIER = "es.rudo.pizza-company";
				PRODUCT_NAME = "$(TARGET_NAME)";
				SWIFT_EMIT_LOC_STRINGS = YES;
				SWIFT_VERSION = 5.0;
				TARGETED_DEVICE_FAMILY = "1,2";
			};
			name = Release;
		};
/* End XCBuildConfiguration section */

/* Begin XCConfigurationList section */
		C1A5C2D02B56E5FA00ABCC51 /* Build configuration list for PBXProject "pizza-company" */ = {
			isa = XCConfigurationList;
			buildConfigurations = (
				C1A5C2E32B56E5FC00ABCC51 /* Debug */,
				C1A5C2E42B56E5FC00ABCC51 /* Release */,
			);
			defaultConfigurationIsVisible = 0;
			defaultConfigurationName = Release;
		};
		C1A5C2E52B56E5FC00ABCC51 /* Build configuration list for PBXNativeTarget "pizza-company" */ = {
			isa = XCConfigurationList;
			buildConfigurations = (
				C1A5C2E62B56E5FC00ABCC51 /* Debug */,
				C1A5C2E72B56E5FC00ABCC51 /* Release */,
			);
			defaultConfigurationIsVisible = 0;
			defaultConfigurationName = Release;
		};
/* End XCConfigurationList section */
	};
	rootObject = C1A5C2CD2B56E5FA00ABCC51 /* Project object */;
}
